// !$*UTF8*$!
{
	archiveVersion = 1;
	classes = {
	};
	objectVersion = 46;
	objects = {

/* Begin PBXBuildFile section */
		BEE591BE1ADDE5CD00534F14 /* Result.framework in Frameworks */ = {isa = PBXBuildFile; fileRef = BEE591BD1ADDE5CD00534F14 /* Result.framework */; };
		BEE591C01ADE05C200534F14 /* Result.framework in Frameworks */ = {isa = PBXBuildFile; fileRef = BEE591BD1ADDE5CD00534F14 /* Result.framework */; };
		DA5023941A969B0B004175D7 /* HaveSucceeded.swift in Sources */ = {isa = PBXBuildFile; fileRef = DA5023931A969B0B004175D7 /* HaveSucceeded.swift */; };
		DA5023951A969B0B004175D7 /* HaveSucceeded.swift in Sources */ = {isa = PBXBuildFile; fileRef = DA5023931A969B0B004175D7 /* HaveSucceeded.swift */; };
		DA5023971A969B9E004175D7 /* HaveFailed.swift in Sources */ = {isa = PBXBuildFile; fileRef = DA5023961A969B9E004175D7 /* HaveFailed.swift */; };
		DA5023981A969B9E004175D7 /* HaveFailed.swift in Sources */ = {isa = PBXBuildFile; fileRef = DA5023961A969B9E004175D7 /* HaveFailed.swift */; };
		DA59142F1A94466E00AED74C /* HaveSucceededSpec.swift in Sources */ = {isa = PBXBuildFile; fileRef = DA59142E1A94466E00AED74C /* HaveSucceededSpec.swift */; };
		DA5914311A94469500AED74C /* Quick.framework in Frameworks */ = {isa = PBXBuildFile; fileRef = DA5914301A94469500AED74C /* Quick.framework */; };
		DA5914331A94469900AED74C /* Nimble.framework in Frameworks */ = {isa = PBXBuildFile; fileRef = DACBD4041A94417200BA07BE /* Nimble.framework */; };
		DA5914351A944AE100AED74C /* AssertionMessageRecorder.swift in Sources */ = {isa = PBXBuildFile; fileRef = DA5914341A944AE100AED74C /* AssertionMessageRecorder.swift */; };
		DA5914371A944C4800AED74C /* HaveFailedSpec.swift in Sources */ = {isa = PBXBuildFile; fileRef = DA5914361A944C4800AED74C /* HaveFailedSpec.swift */; };
		DA59143F1A944C9B00AED74C /* Guanaco.h in Headers */ = {isa = PBXBuildFile; fileRef = DACBD3EB1A94404800BA07BE /* Guanaco.h */; settings = {ATTRIBUTES = (Public, ); }; };
		DA59144A1A944CA900AED74C /* AssertionMessageRecorder.swift in Sources */ = {isa = PBXBuildFile; fileRef = DA5914341A944AE100AED74C /* AssertionMessageRecorder.swift */; };
		DA59144B1A944CA900AED74C /* HaveFailedSpec.swift in Sources */ = {isa = PBXBuildFile; fileRef = DA5914361A944C4800AED74C /* HaveFailedSpec.swift */; };
		DA59144C1A944CA900AED74C /* HaveSucceededSpec.swift in Sources */ = {isa = PBXBuildFile; fileRef = DA59142E1A94466E00AED74C /* HaveSucceededSpec.swift */; };
		DA5914621A944EDC00AED74C /* Nimble.framework in Frameworks */ = {isa = PBXBuildFile; fileRef = DACBD4041A94417200BA07BE /* Nimble.framework */; };
		DA5914691A94509900AED74C /* Quick.framework in Frameworks */ = {isa = PBXBuildFile; fileRef = DA5914301A94469500AED74C /* Quick.framework */; };
		DA59146A1A94509C00AED74C /* Nimble.framework in Frameworks */ = {isa = PBXBuildFile; fileRef = DACBD4041A94417200BA07BE /* Nimble.framework */; };
		DA59146B1A9450A100AED74C /* Guanaco.framework in Frameworks */ = {isa = PBXBuildFile; fileRef = DA5914441A944C9B00AED74C /* Guanaco.framework */; };
		DACBD3EC1A94404800BA07BE /* Guanaco.h in Headers */ = {isa = PBXBuildFile; fileRef = DACBD3EB1A94404800BA07BE /* Guanaco.h */; settings = {ATTRIBUTES = (Public, ); }; };
		DACBD3F21A94404800BA07BE /* Guanaco.framework in Frameworks */ = {isa = PBXBuildFile; fileRef = DACBD3E61A94404800BA07BE /* Guanaco.framework */; };
		DACBD4051A94417200BA07BE /* Nimble.framework in Frameworks */ = {isa = PBXBuildFile; fileRef = DACBD4041A94417200BA07BE /* Nimble.framework */; settings = {ATTRIBUTES = (Required, ); }; };
		DAE3CA231A96F80600CAD15A /* MatcherClosure.swift in Sources */ = {isa = PBXBuildFile; fileRef = DAE3CA221A96F80600CAD15A /* MatcherClosure.swift */; };
		DAE3CA241A96F80600CAD15A /* MatcherClosure.swift in Sources */ = {isa = PBXBuildFile; fileRef = DAE3CA221A96F80600CAD15A /* MatcherClosure.swift */; };
		DAE3CA261A96FC5200CAD15A /* BeAnError.swift in Sources */ = {isa = PBXBuildFile; fileRef = DAE3CA251A96FC5200CAD15A /* BeAnError.swift */; };
		DAE3CA271A96FC5200CAD15A /* BeAnError.swift in Sources */ = {isa = PBXBuildFile; fileRef = DAE3CA251A96FC5200CAD15A /* BeAnError.swift */; };
/* End PBXBuildFile section */

/* Begin PBXContainerItemProxy section */
		DA5914661A94500500AED74C /* PBXContainerItemProxy */ = {
			isa = PBXContainerItemProxy;
			containerPortal = DACBD3DD1A94404800BA07BE /* Project object */;
			proxyType = 1;
			remoteGlobalIDString = DA5914381A944C9B00AED74C;
			remoteInfo = "Guanaco-OSX";
		};
		DACBD3F31A94404800BA07BE /* PBXContainerItemProxy */ = {
			isa = PBXContainerItemProxy;
			containerPortal = DACBD3DD1A94404800BA07BE /* Project object */;
			proxyType = 1;
			remoteGlobalIDString = DACBD3E51A94404800BA07BE;
			remoteInfo = Guanaco;
		};
/* End PBXContainerItemProxy section */

/* Begin PBXFileReference section */
		BEE591BD1ADDE5CD00534F14 /* Result.framework */ = {isa = PBXFileReference; lastKnownFileType = wrapper.framework; path = Result.framework; sourceTree = BUILT_PRODUCTS_DIR; };
		C92C095D1DFFB92C00233A4A /* Debug.xcconfig */ = {isa = PBXFileReference; lastKnownFileType = text.xcconfig; path = Debug.xcconfig; sourceTree = "<group>"; };
		C92C095F1DFFB92C00233A4A /* Release.xcconfig */ = {isa = PBXFileReference; lastKnownFileType = text.xcconfig; path = Release.xcconfig; sourceTree = "<group>"; };
		C92C09661DFFB92C00233A4A /* iOS-Application.xcconfig */ = {isa = PBXFileReference; lastKnownFileType = text.xcconfig; path = "iOS-Application.xcconfig"; sourceTree = "<group>"; };
		C92C09681DFFB92C00233A4A /* iOS-Framework.xcconfig */ = {isa = PBXFileReference; lastKnownFileType = text.xcconfig; path = "iOS-Framework.xcconfig"; sourceTree = "<group>"; };
		C92C096B1DFFB92C00233A4A /* Mac-Application.xcconfig */ = {isa = PBXFileReference; lastKnownFileType = text.xcconfig; path = "Mac-Application.xcconfig"; sourceTree = "<group>"; };
		C92C096E1DFFB92C00233A4A /* Mac-Framework.xcconfig */ = {isa = PBXFileReference; lastKnownFileType = text.xcconfig; path = "Mac-Framework.xcconfig"; sourceTree = "<group>"; };
		C92C09721DFFB92C00233A4A /* tvOS-Application.xcconfig */ = {isa = PBXFileReference; lastKnownFileType = text.xcconfig; path = "tvOS-Application.xcconfig"; sourceTree = "<group>"; };
		C92C09741DFFB92C00233A4A /* tvOS-Framework.xcconfig */ = {isa = PBXFileReference; lastKnownFileType = text.xcconfig; path = "tvOS-Framework.xcconfig"; sourceTree = "<group>"; };
		DA5023931A969B0B004175D7 /* HaveSucceeded.swift */ = {isa = PBXFileReference; fileEncoding = 4; lastKnownFileType = sourcecode.swift; path = HaveSucceeded.swift; sourceTree = "<group>"; };
		DA5023961A969B9E004175D7 /* HaveFailed.swift */ = {isa = PBXFileReference; fileEncoding = 4; lastKnownFileType = sourcecode.swift; path = HaveFailed.swift; sourceTree = "<group>"; };
		DA59142E1A94466E00AED74C /* HaveSucceededSpec.swift */ = {isa = PBXFileReference; fileEncoding = 4; lastKnownFileType = sourcecode.swift; path = HaveSucceededSpec.swift; sourceTree = "<group>"; };
		DA5914301A94469500AED74C /* Quick.framework */ = {isa = PBXFileReference; lastKnownFileType = wrapper.framework; path = Quick.framework; sourceTree = BUILT_PRODUCTS_DIR; };
		DA5914341A944AE100AED74C /* AssertionMessageRecorder.swift */ = {isa = PBXFileReference; fileEncoding = 4; lastKnownFileType = sourcecode.swift; path = AssertionMessageRecorder.swift; sourceTree = "<group>"; };
		DA5914361A944C4800AED74C /* HaveFailedSpec.swift */ = {isa = PBXFileReference; fileEncoding = 4; lastKnownFileType = sourcecode.swift; path = HaveFailedSpec.swift; sourceTree = "<group>"; };
		DA5914441A944C9B00AED74C /* Guanaco.framework */ = {isa = PBXFileReference; explicitFileType = wrapper.framework; includeInIndex = 0; path = Guanaco.framework; sourceTree = BUILT_PRODUCTS_DIR; };
		DA5914551A944CA900AED74C /* GuanacoTests.xctest */ = {isa = PBXFileReference; explicitFileType = wrapper.cfbundle; includeInIndex = 0; path = GuanacoTests.xctest; sourceTree = BUILT_PRODUCTS_DIR; };
		DACBD3E61A94404800BA07BE /* Guanaco.framework */ = {isa = PBXFileReference; explicitFileType = wrapper.framework; includeInIndex = 0; path = Guanaco.framework; sourceTree = BUILT_PRODUCTS_DIR; };
		DACBD3EA1A94404800BA07BE /* Info.plist */ = {isa = PBXFileReference; lastKnownFileType = text.plist.xml; path = Info.plist; sourceTree = "<group>"; };
		DACBD3EB1A94404800BA07BE /* Guanaco.h */ = {isa = PBXFileReference; lastKnownFileType = sourcecode.c.h; path = Guanaco.h; sourceTree = "<group>"; };
		DACBD3F11A94404800BA07BE /* GuanacoTests.xctest */ = {isa = PBXFileReference; explicitFileType = wrapper.cfbundle; includeInIndex = 0; path = GuanacoTests.xctest; sourceTree = BUILT_PRODUCTS_DIR; };
		DACBD3F71A94404800BA07BE /* Info.plist */ = {isa = PBXFileReference; lastKnownFileType = text.plist.xml; path = Info.plist; sourceTree = "<group>"; };
		DACBD4041A94417200BA07BE /* Nimble.framework */ = {isa = PBXFileReference; lastKnownFileType = wrapper.framework; path = Nimble.framework; sourceTree = BUILT_PRODUCTS_DIR; };
		DAE3CA221A96F80600CAD15A /* MatcherClosure.swift */ = {isa = PBXFileReference; fileEncoding = 4; lastKnownFileType = sourcecode.swift; path = MatcherClosure.swift; sourceTree = "<group>"; };
		DAE3CA251A96FC5200CAD15A /* BeAnError.swift */ = {isa = PBXFileReference; fileEncoding = 4; lastKnownFileType = sourcecode.swift; path = BeAnError.swift; sourceTree = "<group>"; };
/* End PBXFileReference section */

/* Begin PBXFrameworksBuildPhase section */
		DA59143B1A944C9B00AED74C /* Frameworks */ = {
			isa = PBXFrameworksBuildPhase;
			buildActionMask = 2147483647;
			files = (
				BEE591BE1ADDE5CD00534F14 /* Result.framework in Frameworks */,
				DA5914621A944EDC00AED74C /* Nimble.framework in Frameworks */,
			);
			runOnlyForDeploymentPostprocessing = 0;
		};
		DA59144D1A944CA900AED74C /* Frameworks */ = {
			isa = PBXFrameworksBuildPhase;
			buildActionMask = 2147483647;
			files = (
				DA59146B1A9450A100AED74C /* Guanaco.framework in Frameworks */,
				DA59146A1A94509C00AED74C /* Nimble.framework in Frameworks */,
				DA5914691A94509900AED74C /* Quick.framework in Frameworks */,
			);
			runOnlyForDeploymentPostprocessing = 0;
		};
		DACBD3E21A94404800BA07BE /* Frameworks */ = {
			isa = PBXFrameworksBuildPhase;
			buildActionMask = 2147483647;
			files = (
				BEE591C01ADE05C200534F14 /* Result.framework in Frameworks */,
				DACBD4051A94417200BA07BE /* Nimble.framework in Frameworks */,
			);
			runOnlyForDeploymentPostprocessing = 0;
		};
		DACBD3EE1A94404800BA07BE /* Frameworks */ = {
			isa = PBXFrameworksBuildPhase;
			buildActionMask = 2147483647;
			files = (
				DA5914331A94469900AED74C /* Nimble.framework in Frameworks */,
				DA5914311A94469500AED74C /* Quick.framework in Frameworks */,
				DACBD3F21A94404800BA07BE /* Guanaco.framework in Frameworks */,
			);
			runOnlyForDeploymentPostprocessing = 0;
		};
/* End PBXFrameworksBuildPhase section */

/* Begin PBXGroup section */
		C92C09581DFFB92C00233A4A /* Configurations */ = {
			isa = PBXGroup;
			children = (
				C92C095A1DFFB92C00233A4A /* Base */,
				C92C09651DFFB92C00233A4A /* iOS */,
				C92C096A1DFFB92C00233A4A /* macOS */,
				C92C09711DFFB92C00233A4A /* tvOS */,
			);
			name = Configurations;
			path = Carthage/Checkouts/xcconfigs;
			sourceTree = "<group>";
		};
		C92C095A1DFFB92C00233A4A /* Base */ = {
			isa = PBXGroup;
			children = (
				C92C095D1DFFB92C00233A4A /* Debug.xcconfig */,
				C92C095F1DFFB92C00233A4A /* Release.xcconfig */,
			);
			name = Base;
			path = Base/Configurations;
			sourceTree = "<group>";
		};
		C92C09651DFFB92C00233A4A /* iOS */ = {
			isa = PBXGroup;
			children = (
				C92C09661DFFB92C00233A4A /* iOS-Application.xcconfig */,
				C92C09681DFFB92C00233A4A /* iOS-Framework.xcconfig */,
			);
			path = iOS;
			sourceTree = "<group>";
		};
		C92C096A1DFFB92C00233A4A /* macOS */ = {
			isa = PBXGroup;
			children = (
				C92C096B1DFFB92C00233A4A /* Mac-Application.xcconfig */,
				C92C096E1DFFB92C00233A4A /* Mac-Framework.xcconfig */,
			);
			name = macOS;
			path = "Mac OS X";
			sourceTree = "<group>";
		};
		C92C09711DFFB92C00233A4A /* tvOS */ = {
			isa = PBXGroup;
			children = (
				C92C09721DFFB92C00233A4A /* tvOS-Application.xcconfig */,
				C92C09741DFFB92C00233A4A /* tvOS-Framework.xcconfig */,
			);
			path = tvOS;
			sourceTree = "<group>";
		};
		C9D6DA5D1DF81E3B00E65759 /* Frameworks */ = {
			isa = PBXGroup;
			children = (
				DACBD4041A94417200BA07BE /* Nimble.framework */,
				DA5914301A94469500AED74C /* Quick.framework */,
				BEE591BD1ADDE5CD00534F14 /* Result.framework */,
			);
			name = Frameworks;
			sourceTree = "<group>";
		};
		DACBD3DC1A94404800BA07BE = {
			isa = PBXGroup;
			children = (
				DACBD3E81A94404800BA07BE /* Guanaco */,
				DACBD3F51A94404800BA07BE /* GuanacoTests */,
				C92C09581DFFB92C00233A4A /* Configurations */,
				C9D6DA5D1DF81E3B00E65759 /* Frameworks */,
				DACBD3E71A94404800BA07BE /* Products */,
			);
			sourceTree = "<group>";
		};
		DACBD3E71A94404800BA07BE /* Products */ = {
			isa = PBXGroup;
			children = (
				DACBD3E61A94404800BA07BE /* Guanaco.framework */,
				DACBD3F11A94404800BA07BE /* GuanacoTests.xctest */,
				DA5914441A944C9B00AED74C /* Guanaco.framework */,
				DA5914551A944CA900AED74C /* GuanacoTests.xctest */,
			);
			name = Products;
			sourceTree = "<group>";
		};
		DACBD3E81A94404800BA07BE /* Guanaco */ = {
			isa = PBXGroup;
			children = (
				DACBD3EB1A94404800BA07BE /* Guanaco.h */,
				DAE3CA221A96F80600CAD15A /* MatcherClosure.swift */,
				DA5023931A969B0B004175D7 /* HaveSucceeded.swift */,
				DA5023961A969B9E004175D7 /* HaveFailed.swift */,
				DAE3CA251A96FC5200CAD15A /* BeAnError.swift */,
				DACBD3E91A94404800BA07BE /* Supporting Files */,
			);
			path = Guanaco;
			sourceTree = "<group>";
		};
		DACBD3E91A94404800BA07BE /* Supporting Files */ = {
			isa = PBXGroup;
			children = (
				DACBD3EA1A94404800BA07BE /* Info.plist */,
			);
			name = "Supporting Files";
			sourceTree = "<group>";
		};
		DACBD3F51A94404800BA07BE /* GuanacoTests */ = {
			isa = PBXGroup;
			children = (
				DA5914341A944AE100AED74C /* AssertionMessageRecorder.swift */,
				DA59142E1A94466E00AED74C /* HaveSucceededSpec.swift */,
				DA5914361A944C4800AED74C /* HaveFailedSpec.swift */,
				DACBD3F61A94404800BA07BE /* Supporting Files */,
			);
			path = GuanacoTests;
			sourceTree = "<group>";
		};
		DACBD3F61A94404800BA07BE /* Supporting Files */ = {
			isa = PBXGroup;
			children = (
				DACBD3F71A94404800BA07BE /* Info.plist */,
			);
			name = "Supporting Files";
			sourceTree = "<group>";
		};
/* End PBXGroup section */

/* Begin PBXHeadersBuildPhase section */
		DA59143E1A944C9B00AED74C /* Headers */ = {
			isa = PBXHeadersBuildPhase;
			buildActionMask = 2147483647;
			files = (
				DA59143F1A944C9B00AED74C /* Guanaco.h in Headers */,
			);
			runOnlyForDeploymentPostprocessing = 0;
		};
		DACBD3E31A94404800BA07BE /* Headers */ = {
			isa = PBXHeadersBuildPhase;
			buildActionMask = 2147483647;
			files = (
				DACBD3EC1A94404800BA07BE /* Guanaco.h in Headers */,
			);
			runOnlyForDeploymentPostprocessing = 0;
		};
/* End PBXHeadersBuildPhase section */

/* Begin PBXNativeTarget section */
		DA5914381A944C9B00AED74C /* Guanaco-OSX */ = {
			isa = PBXNativeTarget;
			buildConfigurationList = DA5914411A944C9B00AED74C /* Build configuration list for PBXNativeTarget "Guanaco-OSX" */;
			buildPhases = (
				DA5914391A944C9B00AED74C /* Sources */,
				DA59143B1A944C9B00AED74C /* Frameworks */,
				DA59143E1A944C9B00AED74C /* Headers */,
				DA5914401A944C9B00AED74C /* Resources */,
			);
			buildRules = (
			);
			dependencies = (
			);
			name = "Guanaco-OSX";
			productName = Guanaco;
			productReference = DA5914441A944C9B00AED74C /* Guanaco.framework */;
			productType = "com.apple.product-type.framework";
		};
		DA5914461A944CA900AED74C /* GuanacoTests-OSX */ = {
			isa = PBXNativeTarget;
			buildConfigurationList = DA5914521A944CA900AED74C /* Build configuration list for PBXNativeTarget "GuanacoTests-OSX" */;
			buildPhases = (
				DA5914491A944CA900AED74C /* Sources */,
				DA59144D1A944CA900AED74C /* Frameworks */,
				DA5914511A944CA900AED74C /* Resources */,
			);
			buildRules = (
			);
			dependencies = (
				DA5914671A94500500AED74C /* PBXTargetDependency */,
			);
			name = "GuanacoTests-OSX";
			productName = GuanacoTests;
			productReference = DA5914551A944CA900AED74C /* GuanacoTests.xctest */;
			productType = "com.apple.product-type.bundle.unit-test";
		};
		DACBD3E51A94404800BA07BE /* Guanaco-iOS */ = {
			isa = PBXNativeTarget;
			buildConfigurationList = DACBD3FC1A94404800BA07BE /* Build configuration list for PBXNativeTarget "Guanaco-iOS" */;
			buildPhases = (
				DACBD3E11A94404800BA07BE /* Sources */,
				DACBD3E21A94404800BA07BE /* Frameworks */,
				DACBD3E31A94404800BA07BE /* Headers */,
				DACBD3E41A94404800BA07BE /* Resources */,
			);
			buildRules = (
			);
			dependencies = (
			);
			name = "Guanaco-iOS";
			productName = Guanaco;
			productReference = DACBD3E61A94404800BA07BE /* Guanaco.framework */;
			productType = "com.apple.product-type.framework";
		};
		DACBD3F01A94404800BA07BE /* GuanacoTests-iOS */ = {
			isa = PBXNativeTarget;
			buildConfigurationList = DACBD3FF1A94404800BA07BE /* Build configuration list for PBXNativeTarget "GuanacoTests-iOS" */;
			buildPhases = (
				DACBD3ED1A94404800BA07BE /* Sources */,
				DACBD3EE1A94404800BA07BE /* Frameworks */,
				DACBD3EF1A94404800BA07BE /* Resources */,
			);
			buildRules = (
			);
			dependencies = (
				DACBD3F41A94404800BA07BE /* PBXTargetDependency */,
			);
			name = "GuanacoTests-iOS";
			productName = GuanacoTests;
			productReference = DACBD3F11A94404800BA07BE /* GuanacoTests.xctest */;
			productType = "com.apple.product-type.bundle.unit-test";
		};
/* End PBXNativeTarget section */

/* Begin PBXProject section */
		DACBD3DD1A94404800BA07BE /* Project object */ = {
			isa = PBXProject;
			attributes = {
				LastSwiftUpdateCheck = 0720;
				LastUpgradeCheck = 0810;
				TargetAttributes = {
					DA5914381A944C9B00AED74C = {
						LastSwiftMigration = 0810;
					};
					DA5914461A944CA900AED74C = {
						LastSwiftMigration = 0810;
					};
					DACBD3E51A94404800BA07BE = {
						CreatedOnToolsVersion = 6.1.1;
						LastSwiftMigration = 0810;
					};
					DACBD3F01A94404800BA07BE = {
						CreatedOnToolsVersion = 6.1.1;
						LastSwiftMigration = 0810;
					};
				};
			};
			buildConfigurationList = DACBD3E01A94404800BA07BE /* Build configuration list for PBXProject "Guanaco" */;
			compatibilityVersion = "Xcode 3.2";
			developmentRegion = English;
			hasScannedForEncodings = 0;
			knownRegions = (
				en,
			);
			mainGroup = DACBD3DC1A94404800BA07BE;
			productRefGroup = DACBD3E71A94404800BA07BE /* Products */;
			projectDirPath = "";
			projectRoot = "";
			targets = (
				DACBD3E51A94404800BA07BE /* Guanaco-iOS */,
				DACBD3F01A94404800BA07BE /* GuanacoTests-iOS */,
				DA5914381A944C9B00AED74C /* Guanaco-OSX */,
				DA5914461A944CA900AED74C /* GuanacoTests-OSX */,
			);
		};
/* End PBXProject section */

/* Begin PBXResourcesBuildPhase section */
		DA5914401A944C9B00AED74C /* Resources */ = {
			isa = PBXResourcesBuildPhase;
			buildActionMask = 2147483647;
			files = (
			);
			runOnlyForDeploymentPostprocessing = 0;
		};
		DA5914511A944CA900AED74C /* Resources */ = {
			isa = PBXResourcesBuildPhase;
			buildActionMask = 2147483647;
			files = (
			);
			runOnlyForDeploymentPostprocessing = 0;
		};
		DACBD3E41A94404800BA07BE /* Resources */ = {
			isa = PBXResourcesBuildPhase;
			buildActionMask = 2147483647;
			files = (
			);
			runOnlyForDeploymentPostprocessing = 0;
		};
		DACBD3EF1A94404800BA07BE /* Resources */ = {
			isa = PBXResourcesBuildPhase;
			buildActionMask = 2147483647;
			files = (
			);
			runOnlyForDeploymentPostprocessing = 0;
		};
/* End PBXResourcesBuildPhase section */

/* Begin PBXSourcesBuildPhase section */
		DA5914391A944C9B00AED74C /* Sources */ = {
			isa = PBXSourcesBuildPhase;
			buildActionMask = 2147483647;
			files = (
				DAE3CA241A96F80600CAD15A /* MatcherClosure.swift in Sources */,
				DA5023981A969B9E004175D7 /* HaveFailed.swift in Sources */,
				DAE3CA271A96FC5200CAD15A /* BeAnError.swift in Sources */,
				DA5023951A969B0B004175D7 /* HaveSucceeded.swift in Sources */,
			);
			runOnlyForDeploymentPostprocessing = 0;
		};
		DA5914491A944CA900AED74C /* Sources */ = {
			isa = PBXSourcesBuildPhase;
			buildActionMask = 2147483647;
			files = (
				DA59144A1A944CA900AED74C /* AssertionMessageRecorder.swift in Sources */,
				DA59144B1A944CA900AED74C /* HaveFailedSpec.swift in Sources */,
				DA59144C1A944CA900AED74C /* HaveSucceededSpec.swift in Sources */,
			);
			runOnlyForDeploymentPostprocessing = 0;
		};
		DACBD3E11A94404800BA07BE /* Sources */ = {
			isa = PBXSourcesBuildPhase;
			buildActionMask = 2147483647;
			files = (
				DAE3CA231A96F80600CAD15A /* MatcherClosure.swift in Sources */,
				DA5023971A969B9E004175D7 /* HaveFailed.swift in Sources */,
				DAE3CA261A96FC5200CAD15A /* BeAnError.swift in Sources */,
				DA5023941A969B0B004175D7 /* HaveSucceeded.swift in Sources */,
			);
			runOnlyForDeploymentPostprocessing = 0;
		};
		DACBD3ED1A94404800BA07BE /* Sources */ = {
			isa = PBXSourcesBuildPhase;
			buildActionMask = 2147483647;
			files = (
				DA5914351A944AE100AED74C /* AssertionMessageRecorder.swift in Sources */,
				DA5914371A944C4800AED74C /* HaveFailedSpec.swift in Sources */,
				DA59142F1A94466E00AED74C /* HaveSucceededSpec.swift in Sources */,
			);
			runOnlyForDeploymentPostprocessing = 0;
		};
/* End PBXSourcesBuildPhase section */

/* Begin PBXTargetDependency section */
		DA5914671A94500500AED74C /* PBXTargetDependency */ = {
			isa = PBXTargetDependency;
			target = DA5914381A944C9B00AED74C /* Guanaco-OSX */;
			targetProxy = DA5914661A94500500AED74C /* PBXContainerItemProxy */;
		};
		DACBD3F41A94404800BA07BE /* PBXTargetDependency */ = {
			isa = PBXTargetDependency;
			target = DACBD3E51A94404800BA07BE /* Guanaco-iOS */;
			targetProxy = DACBD3F31A94404800BA07BE /* PBXContainerItemProxy */;
		};
/* End PBXTargetDependency section */

/* Begin XCBuildConfiguration section */
		DA5914421A944C9B00AED74C /* Debug */ = {
			isa = XCBuildConfiguration;
			baseConfigurationReference = C92C096E1DFFB92C00233A4A /* Mac-Framework.xcconfig */;
			buildSettings = {
				APPLICATION_EXTENSION_API_ONLY = NO;
				FRAMEWORK_SEARCH_PATHS = (
					"$(PLATFORM_DIR)/Developer/Library/Frameworks",
					"$(inherited)",
				);
				INFOPLIST_FILE = Guanaco/Info.plist;
				PRODUCT_BUNDLE_IDENTIFIER = "io.modocache.$(PRODUCT_NAME:rfc1034identifier)";
				PRODUCT_NAME = Guanaco;
			};
			name = Debug;
		};
		DA5914431A944C9B00AED74C /* Release */ = {
			isa = XCBuildConfiguration;
			baseConfigurationReference = C92C096E1DFFB92C00233A4A /* Mac-Framework.xcconfig */;
			buildSettings = {
				APPLICATION_EXTENSION_API_ONLY = NO;
				FRAMEWORK_SEARCH_PATHS = (
					"$(PLATFORM_DIR)/Developer/Library/Frameworks",
					"$(inherited)",
				);
				INFOPLIST_FILE = Guanaco/Info.plist;
				PRODUCT_BUNDLE_IDENTIFIER = "io.modocache.$(PRODUCT_NAME:rfc1034identifier)";
				PRODUCT_NAME = Guanaco;
			};
			name = Release;
		};
		DA5914531A944CA900AED74C /* Debug */ = {
			isa = XCBuildConfiguration;
			baseConfigurationReference = C92C096B1DFFB92C00233A4A /* Mac-Application.xcconfig */;
			buildSettings = {
				INFOPLIST_FILE = GuanacoTests/Info.plist;
				PRODUCT_BUNDLE_IDENTIFIER = "io.modocache.$(PRODUCT_NAME:rfc1034identifier)";
				PRODUCT_NAME = GuanacoTests;
			};
			name = Debug;
		};
		DA5914541A944CA900AED74C /* Release */ = {
			isa = XCBuildConfiguration;
			baseConfigurationReference = C92C096B1DFFB92C00233A4A /* Mac-Application.xcconfig */;
			buildSettings = {
				INFOPLIST_FILE = GuanacoTests/Info.plist;
				PRODUCT_BUNDLE_IDENTIFIER = "io.modocache.$(PRODUCT_NAME:rfc1034identifier)";
				PRODUCT_NAME = GuanacoTests;
			};
			name = Release;
		};
		DACBD3FA1A94404800BA07BE /* Debug */ = {
			isa = XCBuildConfiguration;
			baseConfigurationReference = C92C095D1DFFB92C00233A4A /* Debug.xcconfig */;
			buildSettings = {
				GCC_DYNAMIC_NO_PIC = NO;
				GCC_WARN_UNINITIALIZED_AUTOS = YES_AGGRESSIVE;
				IPHONEOS_DEPLOYMENT_TARGET = 8.0;
				MACOSX_DEPLOYMENT_TARGET = 10.9;
				SWIFT_VERSION = 3.0;
			};
			name = Debug;
		};
		DACBD3FB1A94404800BA07BE /* Release */ = {
			isa = XCBuildConfiguration;
			baseConfigurationReference = C92C095F1DFFB92C00233A4A /* Release.xcconfig */;
			buildSettings = {
				ENABLE_NS_ASSERTIONS = NO;
				GCC_WARN_UNINITIALIZED_AUTOS = YES_AGGRESSIVE;
				IPHONEOS_DEPLOYMENT_TARGET = 8.0;
				MACOSX_DEPLOYMENT_TARGET = 10.9;
				SWIFT_VERSION = 3.0;
			};
			name = Release;
		};
		DACBD3FD1A94404800BA07BE /* Debug */ = {
			isa = XCBuildConfiguration;
			baseConfigurationReference = C92C09681DFFB92C00233A4A /* iOS-Framework.xcconfig */;
			buildSettings = {
				APPLICATION_EXTENSION_API_ONLY = NO;
				FRAMEWORK_SEARCH_PATHS = (
					"$(PLATFORM_DIR)/Developer/Library/Frameworks",
					"$(inherited)",
				);
				INFOPLIST_FILE = Guanaco/Info.plist;
				PRODUCT_BUNDLE_IDENTIFIER = "io.modocache.$(PRODUCT_NAME:rfc1034identifier)";
				PRODUCT_NAME = Guanaco;
			};
			name = Debug;
		};
		DACBD3FE1A94404800BA07BE /* Release */ = {
			isa = XCBuildConfiguration;
			baseConfigurationReference = C92C09681DFFB92C00233A4A /* iOS-Framework.xcconfig */;
			buildSettings = {
				APPLICATION_EXTENSION_API_ONLY = NO;
				FRAMEWORK_SEARCH_PATHS = (
					"$(PLATFORM_DIR)/Developer/Library/Frameworks",
					"$(inherited)",
				);
				INFOPLIST_FILE = Guanaco/Info.plist;
				PRODUCT_BUNDLE_IDENTIFIER = "io.modocache.$(PRODUCT_NAME:rfc1034identifier)";
				PRODUCT_NAME = Guanaco;
			};
			name = Release;
		};
		DACBD4001A94404800BA07BE /* Debug */ = {
			isa = XCBuildConfiguration;
			baseConfigurationReference = C92C09661DFFB92C00233A4A /* iOS-Application.xcconfig */;
			buildSettings = {
				INFOPLIST_FILE = GuanacoTests/Info.plist;
				PRODUCT_BUNDLE_IDENTIFIER = "io.modocache.$(PRODUCT_NAME:rfc1034identifier)";
				PRODUCT_NAME = GuanacoTests;
			};
			name = Debug;
		};
		DACBD4011A94404800BA07BE /* Release */ = {
			isa = XCBuildConfiguration;
			baseConfigurationReference = C92C09661DFFB92C00233A4A /* iOS-Application.xcconfig */;
			buildSettings = {
				INFOPLIST_FILE = GuanacoTests/Info.plist;
				PRODUCT_BUNDLE_IDENTIFIER = "io.modocache.$(PRODUCT_NAME:rfc1034identifier)";
				PRODUCT_NAME = GuanacoTests;
			};
			name = Release;
		};
/* End XCBuildConfiguration section */

/* Begin XCConfigurationList section */
		DA5914411A944C9B00AED74C /* Build configuration list for PBXNativeTarget "Guanaco-OSX" */ = {
			isa = XCConfigurationList;
			buildConfigurations = (
				DA5914421A944C9B00AED74C /* Debug */,
				DA5914431A944C9B00AED74C /* Release */,
			);
			defaultConfigurationIsVisible = 0;
			defaultConfigurationName = Release;
		};
		DA5914521A944CA900AED74C /* Build configuration list for PBXNativeTarget "GuanacoTests-OSX" */ = {
			isa = XCConfigurationList;
			buildConfigurations = (
				DA5914531A944CA900AED74C /* Debug */,
				DA5914541A944CA900AED74C /* Release */,
			);
			defaultConfigurationIsVisible = 0;
			defaultConfigurationName = Release;
		};
		DACBD3E01A94404800BA07BE /* Build configuration list for PBXProject "Guanaco" */ = {
			isa = XCConfigurationList;
			buildConfigurations = (
				DACBD3FA1A94404800BA07BE /* Debug */,
				DACBD3FB1A94404800BA07BE /* Release */,
			);
			defaultConfigurationIsVisible = 0;
			defaultConfigurationName = Release;
		};
		DACBD3FC1A94404800BA07BE /* Build configuration list for PBXNativeTarget "Guanaco-iOS" */ = {
			isa = XCConfigurationList;
			buildConfigurations = (
				DACBD3FD1A94404800BA07BE /* Debug */,
				DACBD3FE1A94404800BA07BE /* Release */,
			);
			defaultConfigurationIsVisible = 0;
			defaultConfigurationName = Release;
		};
		DACBD3FF1A94404800BA07BE /* Build configuration list for PBXNativeTarget "GuanacoTests-iOS" */ = {
			isa = XCConfigurationList;
			buildConfigurations = (
				DACBD4001A94404800BA07BE /* Debug */,
				DACBD4011A94404800BA07BE /* Release */,
			);
			defaultConfigurationIsVisible = 0;
			defaultConfigurationName = Release;
		};
/* End XCConfigurationList section */
	};
	rootObject = DACBD3DD1A94404800BA07BE /* Project object */;
}
